
Microsoft Visual Studio Solution File, Format Version 12.00
Project("{2150E333-8FDC-42A3-9474-1A3956D46DE8}") = "Solution Items", "Solution Items", "{7CBC591E-5C7D-45ED-A702-96313215C2E0}"
	ProjectSection(SolutionItems) = preProject
		.editorconfig = .editorconfig
		.gitignore = .gitignore
		Makefile = Makefile
		readme.md = readme.md
	EndProjectSection
EndProject
Project("{2150E333-8FDC-42A3-9474-1A3956D46DE8}") = "src", "src", "{1E9CF4F0-B738-4EA6-ABBF-E5F37CCFE11A}"
EndProject
Project("{FAE04EC0-301F-11D3-BF4B-00C04F79EFBC}") = "Grpc.Server", "src\Grpc.Server\Grpc.Server.csproj", "{FFA9E8F6-9484-49D9-A57B-64FE7B21E17F}"
EndProject
Project("{FAE04EC0-301F-11D3-BF4B-00C04F79EFBC}") = "Grpc.Api", "src\Grpc.Api\Grpc.Api.csproj", "{87837B51-0E05-472E-ABB9-DEC30AD7F898}"
EndProject
Project("{2150E333-8FDC-42A3-9474-1A3956D46DE8}") = "tests", "tests", "{E955206F-EF8D-4A84-9236-80EB1388F1B6}"
EndProject
Project("{FAE04EC0-301F-11D3-BF4B-00C04F79EFBC}") = "Grpc.Server.IntegrationTests", "tests\Grpc.Server.IntegrationTests\Grpc.Server.IntegrationTests.csproj", "{EA64B181-D41D-4089-BA29-5205DEA57210}"
EndProject
Global
	GlobalSection(SolutionConfigurationPlatforms) = preSolution
		Debug|Any CPU = Debug|Any CPU
		Release|Any CPU = Release|Any CPU
	EndGlobalSection
	GlobalSection(NestedProjects) = preSolution
		{FFA9E8F6-9484-49D9-A57B-64FE7B21E17F} = {1E9CF4F0-B738-4EA6-ABBF-E5F37CCFE11A}
		{87837B51-0E05-472E-ABB9-DEC30AD7F898} = {1E9CF4F0-B738-4EA6-ABBF-E5F37CCFE11A}
		{EA64B181-D41D-4089-BA29-5205DEA57210} = {E955206F-EF8D-4A84-9236-80EB1388F1B6}
	EndGlobalSection
	GlobalSection(ProjectConfigurationPlatforms) = postSolution
		{FFA9E8F6-9484-49D9-A57B-64FE7B21E17F}.Debug|Any CPU.ActiveCfg = Debug|Any CPU
		{FFA9E8F6-9484-49D9-A57B-64FE7B21E17F}.Debug|Any CPU.Build.0 = Debug|Any CPU
		{FFA9E8F6-9484-49D9-A57B-64FE7B21E17F}.Release|Any CPU.ActiveCfg = Release|Any CPU
		{FFA9E8F6-9484-49D9-A57B-64FE7B21E17F}.Release|Any CPU.Build.0 = Release|Any CPU
		{87837B51-0E05-472E-ABB9-DEC30AD7F898}.Debug|Any CPU.ActiveCfg = Debug|Any CPU
		{87837B51-0E05-472E-ABB9-DEC30AD7F898}.Debug|Any CPU.Build.0 = Debug|Any CPU
		{87837B51-0E05-472E-ABB9-DEC30AD7F898}.Release|Any CPU.ActiveCfg = Release|Any CPU
		{87837B51-0E05-472E-ABB9-DEC30AD7F898}.Release|Any CPU.Build.0 = Release|Any CPU
		{EA64B181-D41D-4089-BA29-5205DEA57210}.Debug|Any CPU.ActiveCfg = Debug|Any CPU
		{EA64B181-D41D-4089-BA29-5205DEA57210}.Debug|Any CPU.Build.0 = Debug|Any CPU
		{EA64B181-D41D-4089-BA29-5205DEA57210}.Release|Any CPU.ActiveCfg = Release|Any CPU
		{EA64B181-D41D-4089-BA29-5205DEA57210}.Release|Any CPU.Build.0 = Release|Any CPU
	EndGlobalSection
EndGlobal
